{
  "projects": [
    {
      "projectId": "w9YkCMoNAxdUdLu1fVbgUv",
      "version": "latest",
      "dependencies": {},
      "lang": "ts",
      "fileLocks": [
        {
          "type": "globalVariant",
          "assetId": "A3NNzie5oThQ6",
          "checksum": "f2febc8b5d3e98afe21406f4fa225604"
        },
        {
          "type": "renderModule",
          "assetId": "EM_oZrB6CcZo",
          "checksum": "6d4aae0901fffdaafe929c1d1217987c"
        },
        {
          "type": "cssRules",
          "assetId": "EM_oZrB6CcZo",
          "checksum": "6d4aae0901fffdaafe929c1d1217987c"
        },
        {
          "type": "renderModule",
          "assetId": "JXOduyYvIR",
          "checksum": "e6342b5f38c9c2d3efd9c070d1f4510d"
        },
        {
          "type": "cssRules",
          "assetId": "JXOduyYvIR",
          "checksum": "e6342b5f38c9c2d3efd9c070d1f4510d"
        },
        {
          "type": "renderModule",
          "assetId": "dttfoU6lxO",
          "checksum": "99fa13a6bd47639b1b675dd7704dcf26"
        },
        {
          "type": "cssRules",
          "assetId": "dttfoU6lxO",
          "checksum": "99fa13a6bd47639b1b675dd7704dcf26"
        },
        {
          "type": "renderModule",
          "assetId": "cmM4gm4zl6",
          "checksum": "a904e4011313192bde6881a6234eab3c"
        },
        {
          "type": "cssRules",
          "assetId": "cmM4gm4zl6",
          "checksum": "a904e4011313192bde6881a6234eab3c"
        },
        {
          "type": "renderModule",
          "assetId": "mca8JPO7Ivv",
          "checksum": "f0f780757a9952448bfe824d6d06c4b5"
        },
        {
          "type": "cssRules",
          "assetId": "mca8JPO7Ivv",
          "checksum": "f0f780757a9952448bfe824d6d06c4b5"
        },
        {
          "type": "renderModule",
          "assetId": "WLQZ7PHxvJH",
          "checksum": "87817ea3d992106a3450ee93d2514333"
        },
        {
          "type": "cssRules",
          "assetId": "WLQZ7PHxvJH",
          "checksum": "87817ea3d992106a3450ee93d2514333"
        },
        {
          "type": "renderModule",
          "assetId": "IlC1hBC6tr",
          "checksum": "3f19ad51d9713601f2687ab529c45d80"
        },
        {
          "type": "cssRules",
          "assetId": "IlC1hBC6tr",
          "checksum": "3f19ad51d9713601f2687ab529c45d80"
        },
        {
          "type": "renderModule",
          "assetId": "Z1TaGzJ1L3",
          "checksum": "a33e5964996046df73c67fb650e5f22d"
        },
        {
          "type": "cssRules",
          "assetId": "Z1TaGzJ1L3",
          "checksum": "a33e5964996046df73c67fb650e5f22d"
        },
        {
          "type": "renderModule",
          "assetId": "XShnP_NaZ3",
          "checksum": "4122096220e4bd8b767b6c4ca3475c78"
        },
        {
          "type": "cssRules",
          "assetId": "XShnP_NaZ3",
          "checksum": "4122096220e4bd8b767b6c4ca3475c78"
        },
        {
          "type": "icon",
          "assetId": "tXy0z4Cwj85",
          "checksum": "8ea210c0e200a561f0a7c6623ff58107"
        },
        {
          "type": "icon",
          "assetId": "bGh_ZG8CEgo",
          "checksum": "683ca28d826aeae85db8c97933e2c40d"
        },
        {
          "type": "icon",
          "assetId": "-i3g9EMhH9P",
          "checksum": "09d5d40adb3d5b557526e51837163043"
        },
        {
          "type": "renderModule",
          "assetId": "kIOmyFUrm1U",
          "checksum": "56a9470b6d457fba848928ce1571ba2e"
        },
        {
          "type": "cssRules",
          "assetId": "kIOmyFUrm1U",
          "checksum": "56a9470b6d457fba848928ce1571ba2e"
        },
        {
          "assetId": "w9YkCMoNAxdUdLu1fVbgUv",
          "type": "projectCss",
          "checksum": "e22764ea48cf894cad6687f45790653a"
        }
      ],
      "codegenVersion": "0.0.1"
    }
  ],
  "cliVersion": "0.1.261"
}
